
Microsoft Visual Studio Solution File, Format Version 12.00
# Visual Studio Version 16
VisualStudioVersion = 16.0.31019.35
MinimumVisualStudioVersion = 10.0.40219.1
Project("{FAE04EC0-301F-11D3-BF4B-00C04F79EFBC}") = "Projeto_3.0", "Projeto_3.0.csproj", "{EBF86DBA-1907-4A3C-963F-C440D9522315}"
EndProject
Global
	GlobalSection(SolutionConfigurationPlatforms) = preSolution
		Debug|Any CPU = Debug|Any CPU
		Release|Any CPU = Release|Any CPU
	EndGlobalSection
	GlobalSection(ProjectConfigurationPlatforms) = postSolution
		{EBF86DBA-1907-4A3C-963F-C440D9522315}.Debug|Any CPU.ActiveCfg = Debug|Any CPU
		{EBF86DBA-1907-4A3C-963F-C440D9522315}.Debug|Any CPU.Build.0 = Debug|Any CPU
		{EBF86DBA-1907-4A3C-963F-C440D9522315}.Release|Any CPU.ActiveCfg = Release|Any CPU
		{EBF86DBA-1907-4A3C-963F-C440D9522315}.Release|Any CPU.Build.0 = Release|Any CPU
	EndGlobalSection
	GlobalSection(SolutionProperties) = preSolution
		HideSolutionNode = FALSE
	EndGlobalSection
	GlobalSection(ExtensibilityGlobals) = postSolution
		SolutionGuid = {F383D753-B77C-4B97-B75D-B8FE1F11A6CA}
	EndGlobalSection
EndGlobal
