
Microsoft Visual Studio Solution File, Format Version 12.00
# Visual Studio Version 16
VisualStudioVersion = 16.0.31005.135
MinimumVisualStudioVersion = 10.0.40219.1
Project("{FAE04EC0-301F-11D3-BF4B-00C04F79EFBC}") = "Projeto_4.0 - Relatório", "Projeto_4.0 - Relatório\Projeto_4.0 - Relatório.csproj", "{39548DC0-9E5C-448B-8766-738CE625FA4D}"
EndProject
Global
	GlobalSection(SolutionConfigurationPlatforms) = preSolution
		Debug|Any CPU = Debug|Any CPU
		Release|Any CPU = Release|Any CPU
	EndGlobalSection
	GlobalSection(ProjectConfigurationPlatforms) = postSolution
		{39548DC0-9E5C-448B-8766-738CE625FA4D}.Debug|Any CPU.ActiveCfg = Debug|Any CPU
		{39548DC0-9E5C-448B-8766-738CE625FA4D}.Debug|Any CPU.Build.0 = Debug|Any CPU
		{39548DC0-9E5C-448B-8766-738CE625FA4D}.Release|Any CPU.ActiveCfg = Release|Any CPU
		{39548DC0-9E5C-448B-8766-738CE625FA4D}.Release|Any CPU.Build.0 = Release|Any CPU
	EndGlobalSection
	GlobalSection(SolutionProperties) = preSolution
		HideSolutionNode = FALSE
	EndGlobalSection
	GlobalSection(ExtensibilityGlobals) = postSolution
		SolutionGuid = {31D15BAA-7914-49AF-9D5D-7C49D05342CB}
	EndGlobalSection
EndGlobal
